// !$*UTF8*$!
{
	archiveVersion = 1;
	classes = {
	};
	objectVersion = 50;
	objects = {

/* Begin PBXBuildFile section */
		C14A7B362632E96E002B2058 /* VideoVC.swift in Sources */ = {isa = PBXBuildFile; fileRef = C14A7B352632E96E002B2058 /* VideoVC.swift */; };
		C16B0D862632DD84007621ED /* AppDelegate.swift in Sources */ = {isa = PBXBuildFile; fileRef = C16B0D852632DD84007621ED /* AppDelegate.swift */; };
		C16B0D882632DD84007621ED /* SceneDelegate.swift in Sources */ = {isa = PBXBuildFile; fileRef = C16B0D872632DD84007621ED /* SceneDelegate.swift */; };
		C16B0D8A2632DD84007621ED /* ViewController.swift in Sources */ = {isa = PBXBuildFile; fileRef = C16B0D892632DD84007621ED /* ViewController.swift */; };
		C16B0D8D2632DD84007621ED /* Main.storyboard in Resources */ = {isa = PBXBuildFile; fileRef = C16B0D8B2632DD84007621ED /* Main.storyboard */; };
		C16B0D8F2632DD87007621ED /* Assets.xcassets in Resources */ = {isa = PBXBuildFile; fileRef = C16B0D8E2632DD87007621ED /* Assets.xcassets */; };
		C16B0D922632DD87007621ED /* LaunchScreen.storyboard in Resources */ = {isa = PBXBuildFile; fileRef = C16B0D902632DD87007621ED /* LaunchScreen.storyboard */; };
		C16B0D9A2632DEE5007621ED /* membership 2019.pdf in Resources */ = {isa = PBXBuildFile; fileRef = C16B0D992632DEE5007621ED /* membership 2019.pdf */; };
		C16B0D9C2632E4D5007621ED /* PdfVC.swift in Sources */ = {isa = PBXBuildFile; fileRef = C16B0D9B2632E4D5007621ED /* PdfVC.swift */; };
/* End PBXBuildFile section */

/* Begin PBXFileReference section */
		C14A7B352632E96E002B2058 /* VideoVC.swift */ = {isa = PBXFileReference; lastKnownFileType = sourcecode.swift; path = VideoVC.swift; sourceTree = "<group>"; };
		C16B0D822632DD84007621ED /* Demo App 3.app */ = {isa = PBXFileReference; explicitFileType = wrapper.application; includeInIndex = 0; path = "Demo App 3.app"; sourceTree = BUILT_PRODUCTS_DIR; };
		C16B0D852632DD84007621ED /* AppDelegate.swift */ = {isa = PBXFileReference; lastKnownFileType = sourcecode.swift; path = AppDelegate.swift; sourceTree = "<group>"; };
		C16B0D872632DD84007621ED /* SceneDelegate.swift */ = {isa = PBXFileReference; lastKnownFileType = sourcecode.swift; path = SceneDelegate.swift; sourceTree = "<group>"; };
		C16B0D892632DD84007621ED /* ViewController.swift */ = {isa = PBXFileReference; lastKnownFileType = sourcecode.swift; path = ViewController.swift; sourceTree = "<group>"; };
		C16B0D8C2632DD84007621ED /* Base */ = {isa = PBXFileReference; lastKnownFileType = file.storyboard; name = Base; path = Base.lproj/Main.storyboard; sourceTree = "<group>"; };
		C16B0D8E2632DD87007621ED /* Assets.xcassets */ = {isa = PBXFileReference; lastKnownFileType = folder.assetcatalog; path = Assets.xcassets; sourceTree = "<group>"; };
		C16B0D912632DD87007621ED /* Base */ = {isa = PBXFileReference; lastKnownFileType = file.storyboard; name = Base; path = Base.lproj/LaunchScreen.storyboard; sourceTree = "<group>"; };
		C16B0D932632DD87007621ED /* Info.plist */ = {isa = PBXFileReference; lastKnownFileType = text.plist.xml; path = Info.plist; sourceTree = "<group>"; };
		C16B0D992632DEE5007621ED /* membership 2019.pdf */ = {isa = PBXFileReference; lastKnownFileType = image.pdf; path = "membership 2019.pdf"; sourceTree = "<group>"; };
		C16B0D9B2632E4D5007621ED /* PdfVC.swift */ = {isa = PBXFileReference; lastKnownFileType = sourcecode.swift; path = PdfVC.swift; sourceTree = "<group>"; };
/* End PBXFileReference section */

/* Begin PBXFrameworksBuildPhase section */
		C16B0D7F2632DD84007621ED /* Frameworks */ = {
			isa = PBXFrameworksBuildPhase;
			buildActionMask = 2147483647;
			files = (
			);
			runOnlyForDeploymentPostprocessing = 0;
		};
/* End PBXFrameworksBuildPhase section */

/* Begin PBXGroup section */
		C16B0D792632DD84007621ED = {
			isa = PBXGroup;
			children = (
				C16B0D842632DD84007621ED /* Demo App 3 */,
				C16B0D832632DD84007621ED /* Products */,
			);
			sourceTree = "<group>";
		};
		C16B0D832632DD84007621ED /* Products */ = {
			isa = PBXGroup;
			children = (
				C16B0D822632DD84007621ED /* Demo App 3.app */,
			);
			name = Products;
			sourceTree = "<group>";
		};
		C16B0D842632DD84007621ED /* Demo App 3 */ = {
			isa = PBXGroup;
			children = (
				C16B0D992632DEE5007621ED /* membership 2019.pdf */,
				C16B0D852632DD84007621ED /* AppDelegate.swift */,
				C16B0D872632DD84007621ED /* SceneDelegate.swift */,
				C16B0D892632DD84007621ED /* ViewController.swift */,
				C16B0D8B2632DD84007621ED /* Main.storyboard */,
				C16B0D9B2632E4D5007621ED /* PdfVC.swift */,
				C14A7B352632E96E002B2058 /* VideoVC.swift */,
				C16B0D8E2632DD87007621ED /* Assets.xcassets */,
				C16B0D902632DD87007621ED /* LaunchScreen.storyboard */,
				C16B0D932632DD87007621ED /* Info.plist */,
			);
			path = "Demo App 3";
			sourceTree = "<group>";
		};
/* End PBXGroup section */

/* Begin PBXNativeTarget section */
		C16B0D812632DD84007621ED /* Demo App 3 */ = {
			isa = PBXNativeTarget;
			buildConfigurationList = C16B0D962632DD87007621ED /* Build configuration list for PBXNativeTarget "Demo App 3" */;
			buildPhases = (
				C16B0D7E2632DD84007621ED /* Sources */,
				C16B0D7F2632DD84007621ED /* Frameworks */,
				C16B0D802632DD84007621ED /* Resources */,
			);
			buildRules = (
			);
			dependencies = (
			);
			name = "Demo App 3";
			productName = "Demo App 3";
			productReference = C16B0D822632DD84007621ED /* Demo App 3.app */;
			productType = "com.apple.product-type.application";
		};
/* End PBXNativeTarget section */

/* Begin PBXProject section */
		C16B0D7A2632DD84007621ED /* Project object */ = {
			isa = PBXProject;
			attributes = {
				LastSwiftUpdateCheck = 1170;
				LastUpgradeCheck = 1170;
				ORGANIZATIONNAME = "Satwika Bhattacharjee";
				TargetAttributes = {
					C16B0D812632DD84007621ED = {
						CreatedOnToolsVersion = 11.7;
					};
				};
			};
			buildConfigurationList = C16B0D7D2632DD84007621ED /* Build configuration list for PBXProject "Demo App 3" */;
			compatibilityVersion = "Xcode 9.3";
			developmentRegion = en;
			hasScannedForEncodings = 0;
			knownRegions = (
				en,
				Base,
			);
			mainGroup = C16B0D792632DD84007621ED;
			productRefGroup = C16B0D832632DD84007621ED /* Products */;
			projectDirPath = "";
			projectRoot = "";
			targets = (
				C16B0D812632DD84007621ED /* Demo App 3 */,
			);
		};
/* End PBXProject section */

/* Begin PBXResourcesBuildPhase section */
		C16B0D802632DD84007621ED /* Resources */ = {
			isa = PBXResourcesBuildPhase;
			buildActionMask = 2147483647;
			files = (
				C16B0D922632DD87007621ED /* LaunchScreen.storyboard in Resources */,
				C16B0D8F2632DD87007621ED /* Assets.xcassets in Resources */,
				C16B0D8D2632DD84007621ED /* Main.storyboard in Resources */,
				C16B0D9A2632DEE5007621ED /* membership 2019.pdf in Resources */,
			);
			runOnlyForDeploymentPostprocessing = 0;
		};
/* End PBXResourcesBuildPhase section */

/* Begin PBXSourcesBuildPhase section */
		C16B0D7E2632DD84007621ED /* Sources */ = {
			isa = PBXSourcesBuildPhase;
			buildActionMask = 2147483647;
			files = (
				C14A7B362632E96E002B2058 /* VideoVC.swift in Sources */,
				C16B0D8A2632DD84007621ED /* ViewController.swift in Sources */,
				C16B0D9C2632E4D5007621ED /* PdfVC.swift in Sources */,
				C16B0D862632DD84007621ED /* AppDelegate.swift in Sources */,
				C16B0D882632DD84007621ED /* SceneDelegate.swift in Sources */,
			);
			runOnlyForDeploymentPostprocessing = 0;
		};
/* End PBXSourcesBuildPhase section */

/* Begin PBXVariantGroup section */
		C16B0D8B2632DD84007621ED /* Main.storyboard */ = {
			isa = PBXVariantGroup;
			children = (
				C16B0D8C2632DD84007621ED /* Base */,
			);
			name = Main.storyboard;
			sourceTree = "<group>";
		};
		C16B0D902632DD87007621ED /* LaunchScreen.storyboard */ = {
			isa = PBXVariantGroup;
			children = (
				C16B0D912632DD87007621ED /* Base */,
			);
			name = LaunchScreen.storyboard;
			sourceTree = "<group>";
		};
/* End PBXVariantGroup section */

/* Begin XCBuildConfiguration section */
		C16B0D942632DD87007621ED /* Debug */ = {
			isa = XCBuildConfiguration;
			buildSettings = {
				ALWAYS_SEARCH_USER_PATHS = NO;
				CLANG_ANALYZER_NONNULL = YES;
				CLANG_ANALYZER_NUMBER_OBJECT_CONVERSION = YES_AGGRESSIVE;
				CLANG_CXX_LANGUAGE_STANDARD = "gnu++14";
				CLANG_CXX_LIBRARY = "libc++";
				CLANG_ENABLE_MODULES = YES;
				CLANG_ENABLE_OBJC_ARC = YES;
				CLANG_ENABLE_OBJC_WEAK = YES;
				CLANG_WARN_BLOCK_CAPTURE_AUTORELEASING = YES;
				CLANG_WARN_BOOL_CONVERSION = YES;
				CLANG_WARN_COMMA = YES;
				CLANG_WARN_CONSTANT_CONVERSION = YES;
				CLANG_WARN_DEPRECATED_OBJC_IMPLEMENTATIONS = YES;
				CLANG_WARN_DIRECT_OBJC_ISA_USAGE = YES_ERROR;
				CLANG_WARN_DOCUMENTATION_COMMENTS = YES;
				CLANG_WARN_EMPTY_BODY = YES;
				CLANG_WARN_ENUM_CONVERSION = YES;
				CLANG_WARN_INFINITE_RECURSION = YES;
				CLANG_WARN_INT_CONVERSION = YES;
				CLANG_WARN_NON_LITERAL_NULL_CONVERSION = YES;
				CLANG_WARN_OBJC_IMPLICIT_RETAIN_SELF = YES;
				CLANG_WARN_OBJC_LITERAL_CONVERSION = YES;
				CLANG_WARN_OBJC_ROOT_CLASS = YES_ERROR;
				CLANG_WARN_RANGE_LOOP_ANALYSIS = YES;
				CLANG_WARN_STRICT_PROTOTYPES = YES;
				CLANG_WARN_SUSPICIOUS_MOVE = YES;
				CLANG_WARN_UNGUARDED_AVAILABILITY = YES_AGGRESSIVE;
				CLANG_WARN_UNREACHABLE_CODE = YES;
				CLANG_WARN__DUPLICATE_METHOD_MATCH = YES;
				COPY_PHASE_STRIP = NO;
				DEBUG_INFORMATION_FORMAT = dwarf;
				ENABLE_STRICT_OBJC_MSGSEND = YES;
				ENABLE_TESTABILITY = YES;
				GCC_C_LANGUAGE_STANDARD = gnu11;
				GCC_DYNAMIC_NO_PIC = NO;
				GCC_NO_COMMON_BLOCKS = YES;
				GCC_OPTIMIZATION_LEVEL = 0;
				GCC_PREPROCESSOR_DEFINITIONS = (
					"DEBUG=1",
					"$(inherited)",
				);
				GCC_WARN_64_TO_32_BIT_CONVERSION = YES;
				GCC_WARN_ABOUT_RETURN_TYPE = YES_ERROR;
				GCC_WARN_UNDECLARED_SELECTOR = YES;
				GCC_WARN_UNINITIALIZED_AUTOS = YES_AGGRESSIVE;
				GCC_WARN_UNUSED_FUNCTION = YES;
				GCC_WARN_UNUSED_VARIABLE = YES;
				IPHONEOS_DEPLOYMENT_TARGET = 13.7;
				MTL_ENABLE_DEBUG_INFO = INCLUDE_SOURCE;
				MTL_FAST_MATH = YES;
				ONLY_ACTIVE_ARCH = YES;
				SDKROOT = iphoneos;
				SWIFT_ACTIVE_COMPILATION_CONDITIONS = DEBUG;
				SWIFT_OPTIMIZATION_LEVEL = "-Onone";
			};
			name = Debug;
		};
		C16B0D952632DD87007621ED /* Release */ = {
			isa = XCBuildConfiguration;
			buildSettings = {
				ALWAYS_SEARCH_USER_PATHS = NO;
				CLANG_ANALYZER_NONNULL = YES;
				CLANG_ANALYZER_NUMBER_OBJECT_CONVERSION = YES_AGGRESSIVE;
				CLANG_CXX_LANGUAGE_STANDARD = "gnu++14";
				CLANG_CXX_LIBRARY = "libc++";
				CLANG_ENABLE_MODULES = YES;
				CLANG_ENABLE_OBJC_ARC = YES;
				CLANG_ENABLE_OBJC_WEAK = YES;
				CLANG_WARN_BLOCK_CAPTURE_AUTORELEASING = YES;
				CLANG_WARN_BOOL_CONVERSION = YES;
				CLANG_WARN_COMMA = YES;
				CLANG_WARN_CONSTANT_CONVERSION = YES;
				CLANG_WARN_DEPRECATED_OBJC_IMPLEMENTATIONS = YES;
				CLANG_WARN_DIRECT_OBJC_ISA_USAGE = YES_ERROR;
				CLANG_WARN_DOCUMENTATION_COMMENTS = YES;
				CLANG_WARN_EMPTY_BODY = YES;
				CLANG_WARN_ENUM_CONVERSION = YES;
				CLANG_WARN_INFINITE_RECURSION = YES;
				CLANG_WARN_INT_CONVERSION = YES;
				CLANG_WARN_NON_LITERAL_NULL_CONVERSION = YES;
				CLANG_WARN_OBJC_IMPLICIT_RETAIN_SELF = YES;
				CLANG_WARN_OBJC_LITERAL_CONVERSION = YES;
				CLANG_WARN_OBJC_ROOT_CLASS = YES_ERROR;
				CLANG_WARN_RANGE_LOOP_ANALYSIS = YES;
				CLANG_WARN_STRICT_PROTOTYPES = YES;
				CLANG_WARN_SUSPICIOUS_MOVE = YES;
				CLANG_WARN_UNGUARDED_AVAILABILITY = YES_AGGRESSIVE;
				CLANG_WARN_UNREACHABLE_CODE = YES;
				CLANG_WARN__DUPLICATE_METHOD_MATCH = YES;
				COPY_PHASE_STRIP = NO;
				DEBUG_INFORMATION_FORMAT = "dwarf-with-dsym";
				ENABLE_NS_ASSERTIONS = NO;
				ENABLE_STRICT_OBJC_MSGSEND = YES;
				GCC_C_LANGUAGE_STANDARD = gnu11;
				GCC_NO_COMMON_BLOCKS = YES;
				GCC_WARN_64_TO_32_BIT_CONVERSION = YES;
				GCC_WARN_ABOUT_RETURN_TYPE = YES_ERROR;
				GCC_WARN_UNDECLARED_SELECTOR = YES;
				GCC_WARN_UNINITIALIZED_AUTOS = YES_AGGRESSIVE;
				GCC_WARN_UNUSED_FUNCTION = YES;
				GCC_WARN_UNUSED_VARIABLE = YES;
				IPHONEOS_DEPLOYMENT_TARGET = 13.7;
				MTL_ENABLE_DEBUG_INFO = NO;
				MTL_FAST_MATH = YES;
				SDKROOT = iphoneos;
				SWIFT_COMPILATION_MODE = wholemodule;
				SWIFT_OPTIMIZATION_LEVEL = "-O";
				VALIDATE_PRODUCT = YES;
			};
			name = Release;
		};
		C16B0D972632DD87007621ED /* Debug */ = {
			isa = XCBuildConfiguration;
			buildSettings = {
				ASSETCATALOG_COMPILER_APPICON_NAME = AppIcon;
				CODE_SIGN_STYLE = Automatic;
				INFOPLIST_FILE = "Demo App 3/Info.plist";
				LD_RUNPATH_SEARCH_PATHS = (
					"$(inherited)",
					"@executable_path/Frameworks",
				);
				PRODUCT_BUNDLE_IDENTIFIER = "cpp.Demo-App-3";
				PRODUCT_NAME = "$(TARGET_NAME)";
				SWIFT_VERSION = 5.0;
				TARGETED_DEVICE_FAMILY = "1,2";
			};
			name = Debug;
		};
		C16B0D982632DD87007621ED /* Release */ = {
			isa = XCBuildConfiguration;
			buildSettings = {
				ASSETCATALOG_COMPILER_APPICON_NAME = AppIcon;
				CODE_SIGN_STYLE = Automatic;
				INFOPLIST_FILE = "Demo App 3/Info.plist";
				LD_RUNPATH_SEARCH_PATHS = (
					"$(inherited)",
					"@executable_path/Frameworks",
				);
				PRODUCT_BUNDLE_IDENTIFIER = "cpp.Demo-App-3";
				PRODUCT_NAME = "$(TARGET_NAME)";
				SWIFT_VERSION = 5.0;
				TARGETED_DEVICE_FAMILY = "1,2";
			};
			name = Release;
		};
/* End XCBuildConfiguration section */

/* Begin XCConfigurationList section */
		C16B0D7D2632DD84007621ED /* Build configuration list for PBXProject "Demo App 3" */ = {
			isa = XCConfigurationList;
			buildConfigurations = (
				C16B0D942632DD87007621ED /* Debug */,
				C16B0D952632DD87007621ED /* Release */,
			);
			defaultConfigurationIsVisible = 0;
			defaultConfigurationName = Release;
		};
		C16B0D962632DD87007621ED /* Build configuration list for PBXNativeTarget "Demo App 3" */ = {
			isa = XCConfigurationList;
			buildConfigurations = (
				C16B0D972632DD87007621ED /* Debug */,
				C16B0D982632DD87007621ED /* Release */,
			);
			defaultConfigurationIsVisible = 0;
			defaultConfigurationName = Release;
		};
/* End XCConfigurationList section */
	};
	rootObject = C16B0D7A2632DD84007621ED /* Project object */;
}
