// !$*UTF8*$!
{
	archiveVersion = 1;
	classes = {
	};
	objectVersion = 50;
	objects = {

/* Begin PBXBuildFile section */
		C13ED4FF2609FDF800060409 /* AppDelegate.swift in Sources */ = {isa = PBXBuildFile; fileRef = C13ED4FE2609FDF800060409 /* AppDelegate.swift */; };
		C13ED5012609FDF800060409 /* SceneDelegate.swift in Sources */ = {isa = PBXBuildFile; fileRef = C13ED5002609FDF800060409 /* SceneDelegate.swift */; };
		C13ED5032609FDF800060409 /* ViewController.swift in Sources */ = {isa = PBXBuildFile; fileRef = C13ED5022609FDF800060409 /* ViewController.swift */; };
		C13ED5062609FDF800060409 /* Main.storyboard in Resources */ = {isa = PBXBuildFile; fileRef = C13ED5042609FDF800060409 /* Main.storyboard */; };
		C13ED5082609FDFA00060409 /* Assets.xcassets in Resources */ = {isa = PBXBuildFile; fileRef = C13ED5072609FDFA00060409 /* Assets.xcassets */; };
		C13ED50B2609FDFA00060409 /* LaunchScreen.storyboard in Resources */ = {isa = PBXBuildFile; fileRef = C13ED5092609FDFA00060409 /* LaunchScreen.storyboard */; };
		C13ED513260A022A00060409 /* WebViewVC.swift in Sources */ = {isa = PBXBuildFile; fileRef = C13ED512260A022A00060409 /* WebViewVC.swift */; };
/* End PBXBuildFile section */

/* Begin PBXFileReference section */
		C13ED4FB2609FDF800060409 /* Demo App 2.app */ = {isa = PBXFileReference; explicitFileType = wrapper.application; includeInIndex = 0; path = "Demo App 2.app"; sourceTree = BUILT_PRODUCTS_DIR; };
		C13ED4FE2609FDF800060409 /* AppDelegate.swift */ = {isa = PBXFileReference; lastKnownFileType = sourcecode.swift; path = AppDelegate.swift; sourceTree = "<group>"; };
		C13ED5002609FDF800060409 /* SceneDelegate.swift */ = {isa = PBXFileReference; lastKnownFileType = sourcecode.swift; path = SceneDelegate.swift; sourceTree = "<group>"; };
		C13ED5022609FDF800060409 /* ViewController.swift */ = {isa = PBXFileReference; lastKnownFileType = sourcecode.swift; path = ViewController.swift; sourceTree = "<group>"; };
		C13ED5052609FDF800060409 /* Base */ = {isa = PBXFileReference; lastKnownFileType = file.storyboard; name = Base; path = Base.lproj/Main.storyboard; sourceTree = "<group>"; };
		C13ED5072609FDFA00060409 /* Assets.xcassets */ = {isa = PBXFileReference; lastKnownFileType = folder.assetcatalog; path = Assets.xcassets; sourceTree = "<group>"; };
		C13ED50A2609FDFA00060409 /* Base */ = {isa = PBXFileReference; lastKnownFileType = file.storyboard; name = Base; path = Base.lproj/LaunchScreen.storyboard; sourceTree = "<group>"; };
		C13ED50C2609FDFA00060409 /* Info.plist */ = {isa = PBXFileReference; lastKnownFileType = text.plist.xml; path = Info.plist; sourceTree = "<group>"; };
		C13ED512260A022A00060409 /* WebViewVC.swift */ = {isa = PBXFileReference; lastKnownFileType = sourcecode.swift; path = WebViewVC.swift; sourceTree = "<group>"; };
/* End PBXFileReference section */

/* Begin PBXFrameworksBuildPhase section */
		C13ED4F82609FDF800060409 /* Frameworks */ = {
			isa = PBXFrameworksBuildPhase;
			buildActionMask = 2147483647;
			files = (
			);
			runOnlyForDeploymentPostprocessing = 0;
		};
/* End PBXFrameworksBuildPhase section */

/* Begin PBXGroup section */
		C13ED4F22609FDF800060409 = {
			isa = PBXGroup;
			children = (
				C13ED4FD2609FDF800060409 /* Demo3_App */,
				C13ED4FC2609FDF800060409 /* Products */,
			);
			sourceTree = "<group>";
		};
		C13ED4FC2609FDF800060409 /* Products */ = {
			isa = PBXGroup;
			children = (
				C13ED4FB2609FDF800060409 /* Demo App 2.app */,
			);
			name = Products;
			sourceTree = "<group>";
		};
		C13ED4FD2609FDF800060409 /* Demo3_App */ = {
			isa = PBXGroup;
			children = (
				C13ED4FE2609FDF800060409 /* AppDelegate.swift */,
				C13ED5002609FDF800060409 /* SceneDelegate.swift */,
				C13ED5022609FDF800060409 /* ViewController.swift */,
				C13ED5042609FDF800060409 /* Main.storyboard */,
				C13ED512260A022A00060409 /* WebViewVC.swift */,
				C13ED5072609FDFA00060409 /* Assets.xcassets */,
				C13ED5092609FDFA00060409 /* LaunchScreen.storyboard */,
				C13ED50C2609FDFA00060409 /* Info.plist */,
			);
			path = Demo3_App;
			sourceTree = "<group>";
		};
/* End PBXGroup section */

/* Begin PBXNativeTarget section */
		C13ED4FA2609FDF800060409 /* Demo3_App */ = {
			isa = PBXNativeTarget;
			buildConfigurationList = C13ED50F2609FDFA00060409 /* Build configuration list for PBXNativeTarget "Demo3_App" */;
			buildPhases = (
				C13ED4F72609FDF800060409 /* Sources */,
				C13ED4F82609FDF800060409 /* Frameworks */,
				C13ED4F92609FDF800060409 /* Resources */,
			);
			buildRules = (
			);
			dependencies = (
			);
			name = Demo3_App;
			productName = Demo3_App;
			productReference = C13ED4FB2609FDF800060409 /* Demo App 2.app */;
			productType = "com.apple.product-type.application";
		};
/* End PBXNativeTarget section */

/* Begin PBXProject section */
		C13ED4F32609FDF800060409 /* Project object */ = {
			isa = PBXProject;
			attributes = {
				LastSwiftUpdateCheck = 1170;
				LastUpgradeCheck = 1170;
				ORGANIZATIONNAME = "Satwika Bhattacharjee";
				TargetAttributes = {
					C13ED4FA2609FDF800060409 = {
						CreatedOnToolsVersion = 11.7;
					};
				};
			};
			buildConfigurationList = C13ED4F62609FDF800060409 /* Build configuration list for PBXProject "Demo3_App" */;
			compatibilityVersion = "Xcode 9.3";
			developmentRegion = en;
			hasScannedForEncodings = 0;
			knownRegions = (
				en,
				Base,
			);
			mainGroup = C13ED4F22609FDF800060409;
			productRefGroup = C13ED4FC2609FDF800060409 /* Products */;
			projectDirPath = "";
			projectRoot = "";
			targets = (
				C13ED4FA2609FDF800060409 /* Demo3_App */,
			);
		};
/* End PBXProject section */

/* Begin PBXResourcesBuildPhase section */
		C13ED4F92609FDF800060409 /* Resources */ = {
			isa = PBXResourcesBuildPhase;
			buildActionMask = 2147483647;
			files = (
				C13ED50B2609FDFA00060409 /* LaunchScreen.storyboard in Resources */,
				C13ED5082609FDFA00060409 /* Assets.xcassets in Resources */,
				C13ED5062609FDF800060409 /* Main.storyboard in Resources */,
			);
			runOnlyForDeploymentPostprocessing = 0;
		};
/* End PBXResourcesBuildPhase section */

/* Begin PBXSourcesBuildPhase section */
		C13ED4F72609FDF800060409 /* Sources */ = {
			isa = PBXSourcesBuildPhase;
			buildActionMask = 2147483647;
			files = (
				C13ED513260A022A00060409 /* WebViewVC.swift in Sources */,
				C13ED5032609FDF800060409 /* ViewController.swift in Sources */,
				C13ED4FF2609FDF800060409 /* AppDelegate.swift in Sources */,
				C13ED5012609FDF800060409 /* SceneDelegate.swift in Sources */,
			);
			runOnlyForDeploymentPostprocessing = 0;
		};
/* End PBXSourcesBuildPhase section */

/* Begin PBXVariantGroup section */
		C13ED5042609FDF800060409 /* Main.storyboard */ = {
			isa = PBXVariantGroup;
			children = (
				C13ED5052609FDF800060409 /* Base */,
			);
			name = Main.storyboard;
			sourceTree = "<group>";
		};
		C13ED5092609FDFA00060409 /* LaunchScreen.storyboard */ = {
			isa = PBXVariantGroup;
			children = (
				C13ED50A2609FDFA00060409 /* Base */,
			);
			name = LaunchScreen.storyboard;
			sourceTree = "<group>";
		};
/* End PBXVariantGroup section */

/* Begin XCBuildConfiguration section */
		C13ED50D2609FDFA00060409 /* Debug */ = {
			isa = XCBuildConfiguration;
			buildSettings = {
				ALWAYS_SEARCH_USER_PATHS = NO;
				CLANG_ANALYZER_NONNULL = YES;
				CLANG_ANALYZER_NUMBER_OBJECT_CONVERSION = YES_AGGRESSIVE;
				CLANG_CXX_LANGUAGE_STANDARD = "gnu++14";
				CLANG_CXX_LIBRARY = "libc++";
				CLANG_ENABLE_MODULES = YES;
				CLANG_ENABLE_OBJC_ARC = YES;
				CLANG_ENABLE_OBJC_WEAK = YES;
				CLANG_WARN_BLOCK_CAPTURE_AUTORELEASING = YES;
				CLANG_WARN_BOOL_CONVERSION = YES;
				CLANG_WARN_COMMA = YES;
				CLANG_WARN_CONSTANT_CONVERSION = YES;
				CLANG_WARN_DEPRECATED_OBJC_IMPLEMENTATIONS = YES;
				CLANG_WARN_DIRECT_OBJC_ISA_USAGE = YES_ERROR;
				CLANG_WARN_DOCUMENTATION_COMMENTS = YES;
				CLANG_WARN_EMPTY_BODY = YES;
				CLANG_WARN_ENUM_CONVERSION = YES;
				CLANG_WARN_INFINITE_RECURSION = YES;
				CLANG_WARN_INT_CONVERSION = YES;
				CLANG_WARN_NON_LITERAL_NULL_CONVERSION = YES;
				CLANG_WARN_OBJC_IMPLICIT_RETAIN_SELF = YES;
				CLANG_WARN_OBJC_LITERAL_CONVERSION = YES;
				CLANG_WARN_OBJC_ROOT_CLASS = YES_ERROR;
				CLANG_WARN_RANGE_LOOP_ANALYSIS = YES;
				CLANG_WARN_STRICT_PROTOTYPES = YES;
				CLANG_WARN_SUSPICIOUS_MOVE = YES;
				CLANG_WARN_UNGUARDED_AVAILABILITY = YES_AGGRESSIVE;
				CLANG_WARN_UNREACHABLE_CODE = YES;
				CLANG_WARN__DUPLICATE_METHOD_MATCH = YES;
				COPY_PHASE_STRIP = NO;
				DEBUG_INFORMATION_FORMAT = dwarf;
				ENABLE_STRICT_OBJC_MSGSEND = YES;
				ENABLE_TESTABILITY = YES;
				GCC_C_LANGUAGE_STANDARD = gnu11;
				GCC_DYNAMIC_NO_PIC = NO;
				GCC_NO_COMMON_BLOCKS = YES;
				GCC_OPTIMIZATION_LEVEL = 0;
				GCC_PREPROCESSOR_DEFINITIONS = (
					"DEBUG=1",
					"$(inherited)",
				);
				GCC_WARN_64_TO_32_BIT_CONVERSION = YES;
				GCC_WARN_ABOUT_RETURN_TYPE = YES_ERROR;
				GCC_WARN_UNDECLARED_SELECTOR = YES;
				GCC_WARN_UNINITIALIZED_AUTOS = YES_AGGRESSIVE;
				GCC_WARN_UNUSED_FUNCTION = YES;
				GCC_WARN_UNUSED_VARIABLE = YES;
				IPHONEOS_DEPLOYMENT_TARGET = 13.7;
				MTL_ENABLE_DEBUG_INFO = INCLUDE_SOURCE;
				MTL_FAST_MATH = YES;
				ONLY_ACTIVE_ARCH = YES;
				SDKROOT = iphoneos;
				SWIFT_ACTIVE_COMPILATION_CONDITIONS = DEBUG;
				SWIFT_OPTIMIZATION_LEVEL = "-Onone";
			};
			name = Debug;
		};
		C13ED50E2609FDFA00060409 /* Release */ = {
			isa = XCBuildConfiguration;
			buildSettings = {
				ALWAYS_SEARCH_USER_PATHS = NO;
				CLANG_ANALYZER_NONNULL = YES;
				CLANG_ANALYZER_NUMBER_OBJECT_CONVERSION = YES_AGGRESSIVE;
				CLANG_CXX_LANGUAGE_STANDARD = "gnu++14";
				CLANG_CXX_LIBRARY = "libc++";
				CLANG_ENABLE_MODULES = YES;
				CLANG_ENABLE_OBJC_ARC = YES;
				CLANG_ENABLE_OBJC_WEAK = YES;
				CLANG_WARN_BLOCK_CAPTURE_AUTORELEASING = YES;
				CLANG_WARN_BOOL_CONVERSION = YES;
				CLANG_WARN_COMMA = YES;
				CLANG_WARN_CONSTANT_CONVERSION = YES;
				CLANG_WARN_DEPRECATED_OBJC_IMPLEMENTATIONS = YES;
				CLANG_WARN_DIRECT_OBJC_ISA_USAGE = YES_ERROR;
				CLANG_WARN_DOCUMENTATION_COMMENTS = YES;
				CLANG_WARN_EMPTY_BODY = YES;
				CLANG_WARN_ENUM_CONVERSION = YES;
				CLANG_WARN_INFINITE_RECURSION = YES;
				CLANG_WARN_INT_CONVERSION = YES;
				CLANG_WARN_NON_LITERAL_NULL_CONVERSION = YES;
				CLANG_WARN_OBJC_IMPLICIT_RETAIN_SELF = YES;
				CLANG_WARN_OBJC_LITERAL_CONVERSION = YES;
				CLANG_WARN_OBJC_ROOT_CLASS = YES_ERROR;
				CLANG_WARN_RANGE_LOOP_ANALYSIS = YES;
				CLANG_WARN_STRICT_PROTOTYPES = YES;
				CLANG_WARN_SUSPICIOUS_MOVE = YES;
				CLANG_WARN_UNGUARDED_AVAILABILITY = YES_AGGRESSIVE;
				CLANG_WARN_UNREACHABLE_CODE = YES;
				CLANG_WARN__DUPLICATE_METHOD_MATCH = YES;
				COPY_PHASE_STRIP = NO;
				DEBUG_INFORMATION_FORMAT = "dwarf-with-dsym";
				ENABLE_NS_ASSERTIONS = NO;
				ENABLE_STRICT_OBJC_MSGSEND = YES;
				GCC_C_LANGUAGE_STANDARD = gnu11;
				GCC_NO_COMMON_BLOCKS = YES;
				GCC_WARN_64_TO_32_BIT_CONVERSION = YES;
				GCC_WARN_ABOUT_RETURN_TYPE = YES_ERROR;
				GCC_WARN_UNDECLARED_SELECTOR = YES;
				GCC_WARN_UNINITIALIZED_AUTOS = YES_AGGRESSIVE;
				GCC_WARN_UNUSED_FUNCTION = YES;
				GCC_WARN_UNUSED_VARIABLE = YES;
				IPHONEOS_DEPLOYMENT_TARGET = 13.7;
				MTL_ENABLE_DEBUG_INFO = NO;
				MTL_FAST_MATH = YES;
				SDKROOT = iphoneos;
				SWIFT_COMPILATION_MODE = wholemodule;
				SWIFT_OPTIMIZATION_LEVEL = "-O";
				VALIDATE_PRODUCT = YES;
			};
			name = Release;
		};
		C13ED5102609FDFA00060409 /* Debug */ = {
			isa = XCBuildConfiguration;
			buildSettings = {
				ASSETCATALOG_COMPILER_APPICON_NAME = AppIcon;
				CODE_SIGN_STYLE = Automatic;
				INFOPLIST_FILE = Demo3_App/Info.plist;
				LD_RUNPATH_SEARCH_PATHS = (
					"$(inherited)",
					"@executable_path/Frameworks",
				);
				PRODUCT_BUNDLE_IDENTIFIER = "cpp.Demo3-App";
				PRODUCT_NAME = "Demo App 2";
				SWIFT_VERSION = 5.0;
				TARGETED_DEVICE_FAMILY = "1,2";
			};
			name = Debug;
		};
		C13ED5112609FDFA00060409 /* Release */ = {
			isa = XCBuildConfiguration;
			buildSettings = {
				ASSETCATALOG_COMPILER_APPICON_NAME = AppIcon;
				CODE_SIGN_STYLE = Automatic;
				INFOPLIST_FILE = Demo3_App/Info.plist;
				LD_RUNPATH_SEARCH_PATHS = (
					"$(inherited)",
					"@executable_path/Frameworks",
				);
				PRODUCT_BUNDLE_IDENTIFIER = "cpp.Demo3-App";
				PRODUCT_NAME = "Demo App 2";
				SWIFT_VERSION = 5.0;
				TARGETED_DEVICE_FAMILY = "1,2";
			};
			name = Release;
		};
/* End XCBuildConfiguration section */

/* Begin XCConfigurationList section */
		C13ED4F62609FDF800060409 /* Build configuration list for PBXProject "Demo3_App" */ = {
			isa = XCConfigurationList;
			buildConfigurations = (
				C13ED50D2609FDFA00060409 /* Debug */,
				C13ED50E2609FDFA00060409 /* Release */,
			);
			defaultConfigurationIsVisible = 0;
			defaultConfigurationName = Release;
		};
		C13ED50F2609FDFA00060409 /* Build configuration list for PBXNativeTarget "Demo3_App" */ = {
			isa = XCConfigurationList;
			buildConfigurations = (
				C13ED5102609FDFA00060409 /* Debug */,
				C13ED5112609FDFA00060409 /* Release */,
			);
			defaultConfigurationIsVisible = 0;
			defaultConfigurationName = Release;
		};
/* End XCConfigurationList section */
	};
	rootObject = C13ED4F32609FDF800060409 /* Project object */;
}
